// !$*UTF8*$!
{
	archiveVersion = 1;
	classes = {
	};
	objectVersion = 56;
	objects = {

/* Begin PBXBuildFile section */
		5758137C2B5A89D900DEA923 /* WhereToPOCApp.swift in Sources */ = {isa = PBXBuildFile; fileRef = 5758137B2B5A89D900DEA923 /* WhereToPOCApp.swift */; };
		5758137E2B5A89D900DEA923 /* ContentView.swift in Sources */ = {isa = PBXBuildFile; fileRef = 5758137D2B5A89D900DEA923 /* ContentView.swift */; };
		575813802B5A89DB00DEA923 /* Assets.xcassets in Resources */ = {isa = PBXBuildFile; fileRef = 5758137F2B5A89DB00DEA923 /* Assets.xcassets */; };
		575813832B5A89DB00DEA923 /* Preview Assets.xcassets in Resources */ = {isa = PBXBuildFile; fileRef = 575813822B5A89DB00DEA923 /* Preview Assets.xcassets */; };
		5758138D2B5A89DC00DEA923 /* WhereToPOCTests.swift in Sources */ = {isa = PBXBuildFile; fileRef = 5758138C2B5A89DC00DEA923 /* WhereToPOCTests.swift */; };
		575813972B5A89DC00DEA923 /* WhereToPOCUITests.swift in Sources */ = {isa = PBXBuildFile; fileRef = 575813962B5A89DC00DEA923 /* WhereToPOCUITests.swift */; };
		575813992B5A89DC00DEA923 /* WhereToPOCUITestsLaunchTests.swift in Sources */ = {isa = PBXBuildFile; fileRef = 575813982B5A89DC00DEA923 /* WhereToPOCUITestsLaunchTests.swift */; };
/* End PBXBuildFile section */

/* Begin PBXContainerItemProxy section */
		575813892B5A89DC00DEA923 /* PBXContainerItemProxy */ = {
			isa = PBXContainerItemProxy;
			containerPortal = 575813702B5A89D900DEA923 /* Project object */;
			proxyType = 1;
			remoteGlobalIDString = 575813772B5A89D900DEA923;
			remoteInfo = WhereToPOC;
		};
		575813932B5A89DC00DEA923 /* PBXContainerItemProxy */ = {
			isa = PBXContainerItemProxy;
			containerPortal = 575813702B5A89D900DEA923 /* Project object */;
			proxyType = 1;
			remoteGlobalIDString = 575813772B5A89D900DEA923;
			remoteInfo = WhereToPOC;
		};
/* End PBXContainerItemProxy section */

/* Begin PBXFileReference section */
		575813782B5A89D900DEA923 /* WhereToPOC.app */ = {isa = PBXFileReference; explicitFileType = wrapper.application; includeInIndex = 0; path = WhereToPOC.app; sourceTree = BUILT_PRODUCTS_DIR; };
		5758137B2B5A89D900DEA923 /* WhereToPOCApp.swift */ = {isa = PBXFileReference; lastKnownFileType = sourcecode.swift; path = WhereToPOCApp.swift; sourceTree = "<group>"; };
		5758137D2B5A89D900DEA923 /* ContentView.swift */ = {isa = PBXFileReference; lastKnownFileType = sourcecode.swift; path = ContentView.swift; sourceTree = "<group>"; };
		5758137F2B5A89DB00DEA923 /* Assets.xcassets */ = {isa = PBXFileReference; lastKnownFileType = folder.assetcatalog; path = Assets.xcassets; sourceTree = "<group>"; };
		575813822B5A89DB00DEA923 /* Preview Assets.xcassets */ = {isa = PBXFileReference; lastKnownFileType = folder.assetcatalog; path = "Preview Assets.xcassets"; sourceTree = "<group>"; };
		575813882B5A89DC00DEA923 /* WhereToPOCTests.xctest */ = {isa = PBXFileReference; explicitFileType = wrapper.cfbundle; includeInIndex = 0; path = WhereToPOCTests.xctest; sourceTree = BUILT_PRODUCTS_DIR; };
		5758138C2B5A89DC00DEA923 /* WhereToPOCTests.swift */ = {isa = PBXFileReference; lastKnownFileType = sourcecode.swift; path = WhereToPOCTests.swift; sourceTree = "<group>"; };
		575813922B5A89DC00DEA923 /* WhereToPOCUITests.xctest */ = {isa = PBXFileReference; explicitFileType = wrapper.cfbundle; includeInIndex = 0; path = WhereToPOCUITests.xctest; sourceTree = BUILT_PRODUCTS_DIR; };
		575813962B5A89DC00DEA923 /* WhereToPOCUITests.swift */ = {isa = PBXFileReference; lastKnownFileType = sourcecode.swift; path = WhereToPOCUITests.swift; sourceTree = "<group>"; };
		575813982B5A89DC00DEA923 /* WhereToPOCUITestsLaunchTests.swift */ = {isa = PBXFileReference; lastKnownFileType = sourcecode.swift; path = WhereToPOCUITestsLaunchTests.swift; sourceTree = "<group>"; };
/* End PBXFileReference section */

/* Begin PBXFrameworksBuildPhase section */
		575813752B5A89D900DEA923 /* Frameworks */ = {
			isa = PBXFrameworksBuildPhase;
			buildActionMask = 2147483647;
			files = (
			);
			runOnlyForDeploymentPostprocessing = 0;
		};
		575813852B5A89DC00DEA923 /* Frameworks */ = {
			isa = PBXFrameworksBuildPhase;
			buildActionMask = 2147483647;
			files = (
			);
			runOnlyForDeploymentPostprocessing = 0;
		};
		5758138F2B5A89DC00DEA923 /* Frameworks */ = {
			isa = PBXFrameworksBuildPhase;
			buildActionMask = 2147483647;
			files = (
			);
			runOnlyForDeploymentPostprocessing = 0;
		};
/* End PBXFrameworksBuildPhase section */

/* Begin PBXGroup section */
		5758136F2B5A89D900DEA923 = {
			isa = PBXGroup;
			children = (
				5758137A2B5A89D900DEA923 /* WhereToPOC */,
				5758138B2B5A89DC00DEA923 /* WhereToPOCTests */,
				575813952B5A89DC00DEA923 /* WhereToPOCUITests */,
				575813792B5A89D900DEA923 /* Products */,
			);
			sourceTree = "<group>";
		};
		575813792B5A89D900DEA923 /* Products */ = {
			isa = PBXGroup;
			children = (
				575813782B5A89D900DEA923 /* WhereToPOC.app */,
				575813882B5A89DC00DEA923 /* WhereToPOCTests.xctest */,
				575813922B5A89DC00DEA923 /* WhereToPOCUITests.xctest */,
			);
			name = Products;
			sourceTree = "<group>";
		};
		5758137A2B5A89D900DEA923 /* WhereToPOC */ = {
			isa = PBXGroup;
			children = (
				5758137B2B5A89D900DEA923 /* WhereToPOCApp.swift */,
				5758137D2B5A89D900DEA923 /* ContentView.swift */,
				5758137F2B5A89DB00DEA923 /* Assets.xcassets */,
				575813812B5A89DB00DEA923 /* Preview Content */,
			);
			path = WhereToPOC;
			sourceTree = "<group>";
		};
		575813812B5A89DB00DEA923 /* Preview Content */ = {
			isa = PBXGroup;
			children = (
				575813822B5A89DB00DEA923 /* Preview Assets.xcassets */,
			);
			path = "Preview Content";
			sourceTree = "<group>";
		};
		5758138B2B5A89DC00DEA923 /* WhereToPOCTests */ = {
			isa = PBXGroup;
			children = (
				5758138C2B5A89DC00DEA923 /* WhereToPOCTests.swift */,
			);
			path = WhereToPOCTests;
			sourceTree = "<group>";
		};
		575813952B5A89DC00DEA923 /* WhereToPOCUITests */ = {
			isa = PBXGroup;
			children = (
				575813962B5A89DC00DEA923 /* WhereToPOCUITests.swift */,
				575813982B5A89DC00DEA923 /* WhereToPOCUITestsLaunchTests.swift */,
			);
			path = WhereToPOCUITests;
			sourceTree = "<group>";
		};
/* End PBXGroup section */

/* Begin PBXNativeTarget section */
		575813772B5A89D900DEA923 /* WhereToPOC */ = {
			isa = PBXNativeTarget;
			buildConfigurationList = 5758139C2B5A89DC00DEA923 /* Build configuration list for PBXNativeTarget "WhereToPOC" */;
			buildPhases = (
				575813742B5A89D900DEA923 /* Sources */,
				575813752B5A89D900DEA923 /* Frameworks */,
				575813762B5A89D900DEA923 /* Resources */,
			);
			buildRules = (
			);
			dependencies = (
			);
			name = WhereToPOC;
			productName = WhereToPOC;
			productReference = 575813782B5A89D900DEA923 /* WhereToPOC.app */;
			productType = "com.apple.product-type.application";
		};
		575813872B5A89DC00DEA923 /* WhereToPOCTests */ = {
			isa = PBXNativeTarget;
			buildConfigurationList = 5758139F2B5A89DC00DEA923 /* Build configuration list for PBXNativeTarget "WhereToPOCTests" */;
			buildPhases = (
				575813842B5A89DC00DEA923 /* Sources */,
				575813852B5A89DC00DEA923 /* Frameworks */,
				575813862B5A89DC00DEA923 /* Resources */,
			);
			buildRules = (
			);
			dependencies = (
				5758138A2B5A89DC00DEA923 /* PBXTargetDependency */,
			);
			name = WhereToPOCTests;
			productName = WhereToPOCTests;
			productReference = 575813882B5A89DC00DEA923 /* WhereToPOCTests.xctest */;
			productType = "com.apple.product-type.bundle.unit-test";
		};
		575813912B5A89DC00DEA923 /* WhereToPOCUITests */ = {
			isa = PBXNativeTarget;
			buildConfigurationList = 575813A22B5A89DC00DEA923 /* Build configuration list for PBXNativeTarget "WhereToPOCUITests" */;
			buildPhases = (
				5758138E2B5A89DC00DEA923 /* Sources */,
				5758138F2B5A89DC00DEA923 /* Frameworks */,
				575813902B5A89DC00DEA923 /* Resources */,
			);
			buildRules = (
			);
			dependencies = (
				575813942B5A89DC00DEA923 /* PBXTargetDependency */,
			);
			name = WhereToPOCUITests;
			productName = WhereToPOCUITests;
			productReference = 575813922B5A89DC00DEA923 /* WhereToPOCUITests.xctest */;
			productType = "com.apple.product-type.bundle.ui-testing";
		};
/* End PBXNativeTarget section */

/* Begin PBXProject section */
		575813702B5A89D900DEA923 /* Project object */ = {
			isa = PBXProject;
			attributes = {
				BuildIndependentTargetsInParallel = 1;
				LastSwiftUpdateCheck = 1520;
				LastUpgradeCheck = 1520;
				TargetAttributes = {
					575813772B5A89D900DEA923 = {
						CreatedOnToolsVersion = 15.2;
					};
					575813872B5A89DC00DEA923 = {
						CreatedOnToolsVersion = 15.2;
						TestTargetID = 575813772B5A89D900DEA923;
					};
					575813912B5A89DC00DEA923 = {
						CreatedOnToolsVersion = 15.2;
						TestTargetID = 575813772B5A89D900DEA923;
					};
				};
			};
			buildConfigurationList = 575813732B5A89D900DEA923 /* Build configuration list for PBXProject "WhereToPOC" */;
			compatibilityVersion = "Xcode 14.0";
			developmentRegion = en;
			hasScannedForEncodings = 0;
			knownRegions = (
				en,
				Base,
			);
			mainGroup = 5758136F2B5A89D900DEA923;
			productRefGroup = 575813792B5A89D900DEA923 /* Products */;
			projectDirPath = "";
			projectRoot = "";
			targets = (
				575813772B5A89D900DEA923 /* WhereToPOC */,
				575813872B5A89DC00DEA923 /* WhereToPOCTests */,
				575813912B5A89DC00DEA923 /* WhereToPOCUITests */,
			);
		};
/* End PBXProject section */

/* Begin PBXResourcesBuildPhase section */
		575813762B5A89D900DEA923 /* Resources */ = {
			isa = PBXResourcesBuildPhase;
			buildActionMask = 2147483647;
			files = (
				575813832B5A89DB00DEA923 /* Preview Assets.xcassets in Resources */,
				575813802B5A89DB00DEA923 /* Assets.xcassets in Resources */,
			);
			runOnlyForDeploymentPostprocessing = 0;
		};
		575813862B5A89DC00DEA923 /* Resources */ = {
			isa = PBXResourcesBuildPhase;
			buildActionMask = 2147483647;
			files = (
			);
			runOnlyForDeploymentPostprocessing = 0;
		};
		575813902B5A89DC00DEA923 /* Resources */ = {
			isa = PBXResourcesBuildPhase;
			buildActionMask = 2147483647;
			files = (
			);
			runOnlyForDeploymentPostprocessing = 0;
		};
/* End PBXResourcesBuildPhase section */

/* Begin PBXSourcesBuildPhase section */
		575813742B5A89D900DEA923 /* Sources */ = {
			isa = PBXSourcesBuildPhase;
			buildActionMask = 2147483647;
			files = (
				5758137E2B5A89D900DEA923 /* ContentView.swift in Sources */,
				5758137C2B5A89D900DEA923 /* WhereToPOCApp.swift in Sources */,
			);
			runOnlyForDeploymentPostprocessing = 0;
		};
		575813842B5A89DC00DEA923 /* Sources */ = {
			isa = PBXSourcesBuildPhase;
			buildActionMask = 2147483647;
			files = (
				5758138D2B5A89DC00DEA923 /* WhereToPOCTests.swift in Sources */,
			);
			runOnlyForDeploymentPostprocessing = 0;
		};
		5758138E2B5A89DC00DEA923 /* Sources */ = {
			isa = PBXSourcesBuildPhase;
			buildActionMask = 2147483647;
			files = (
				575813992B5A89DC00DEA923 /* WhereToPOCUITestsLaunchTests.swift in Sources */,
				575813972B5A89DC00DEA923 /* WhereToPOCUITests.swift in Sources */,
			);
			runOnlyForDeploymentPostprocessing = 0;
		};
/* End PBXSourcesBuildPhase section */

/* Begin PBXTargetDependency section */
		5758138A2B5A89DC00DEA923 /* PBXTargetDependency */ = {
			isa = PBXTargetDependency;
			target = 575813772B5A89D900DEA923 /* WhereToPOC */;
			targetProxy = 575813892B5A89DC00DEA923 /* PBXContainerItemProxy */;
		};
		575813942B5A89DC00DEA923 /* PBXTargetDependency */ = {
			isa = PBXTargetDependency;
			target = 575813772B5A89D900DEA923 /* WhereToPOC */;
			targetProxy = 575813932B5A89DC00DEA923 /* PBXContainerItemProxy */;
		};
/* End PBXTargetDependency section */

/* Begin XCBuildConfiguration section */
		5758139A2B5A89DC00DEA923 /* Debug */ = {
			isa = XCBuildConfiguration;
			buildSettings = {
				ALWAYS_SEARCH_USER_PATHS = NO;
				ASSETCATALOG_COMPILER_GENERATE_SWIFT_ASSET_SYMBOL_EXTENSIONS = YES;
				CLANG_ANALYZER_NONNULL = YES;
				CLANG_ANALYZER_NUMBER_OBJECT_CONVERSION = YES_AGGRESSIVE;
				CLANG_CXX_LANGUAGE_STANDARD = "gnu++20";
				CLANG_ENABLE_MODULES = YES;
				CLANG_ENABLE_OBJC_ARC = YES;
				CLANG_ENABLE_OBJC_WEAK = YES;
				CLANG_WARN_BLOCK_CAPTURE_AUTORELEASING = YES;
				CLANG_WARN_BOOL_CONVERSION = YES;
				CLANG_WARN_COMMA = YES;
				CLANG_WARN_CONSTANT_CONVERSION = YES;
				CLANG_WARN_DEPRECATED_OBJC_IMPLEMENTATIONS = YES;
				CLANG_WARN_DIRECT_OBJC_ISA_USAGE = YES_ERROR;
				CLANG_WARN_DOCUMENTATION_COMMENTS = YES;
				CLANG_WARN_EMPTY_BODY = YES;
				CLANG_WARN_ENUM_CONVERSION = YES;
				CLANG_WARN_INFINITE_RECURSION = YES;
				CLANG_WARN_INT_CONVERSION = YES;
				CLANG_WARN_NON_LITERAL_NULL_CONVERSION = YES;
				CLANG_WARN_OBJC_IMPLICIT_RETAIN_SELF = YES;
				CLANG_WARN_OBJC_LITERAL_CONVERSION = YES;
				CLANG_WARN_OBJC_ROOT_CLASS = YES_ERROR;
				CLANG_WARN_QUOTED_INCLUDE_IN_FRAMEWORK_HEADER = YES;
				CLANG_WARN_RANGE_LOOP_ANALYSIS = YES;
				CLANG_WARN_STRICT_PROTOTYPES = YES;
				CLANG_WARN_SUSPICIOUS_MOVE = YES;
				CLANG_WARN_UNGUARDED_AVAILABILITY = YES_AGGRESSIVE;
				CLANG_WARN_UNREACHABLE_CODE = YES;
				CLANG_WARN__DUPLICATE_METHOD_MATCH = YES;
				COPY_PHASE_STRIP = NO;
				DEBUG_INFORMATION_FORMAT = dwarf;
				ENABLE_STRICT_OBJC_MSGSEND = YES;
				ENABLE_TESTABILITY = YES;
				ENABLE_USER_SCRIPT_SANDBOXING = YES;
				GCC_C_LANGUAGE_STANDARD = gnu17;
				GCC_DYNAMIC_NO_PIC = NO;
				GCC_NO_COMMON_BLOCKS = YES;
				GCC_OPTIMIZATION_LEVEL = 0;
				GCC_PREPROCESSOR_DEFINITIONS = (
					"DEBUG=1",
					"$(inherited)",
				);
				GCC_WARN_64_TO_32_BIT_CONVERSION = YES;
				GCC_WARN_ABOUT_RETURN_TYPE = YES_ERROR;
				GCC_WARN_UNDECLARED_SELECTOR = YES;
				GCC_WARN_UNINITIALIZED_AUTOS = YES_AGGRESSIVE;
				GCC_WARN_UNUSED_FUNCTION = YES;
				GCC_WARN_UNUSED_VARIABLE = YES;
				IPHONEOS_DEPLOYMENT_TARGET = 17.2;
				LOCALIZATION_PREFERS_STRING_CATALOGS = YES;
				MTL_ENABLE_DEBUG_INFO = INCLUDE_SOURCE;
				MTL_FAST_MATH = YES;
				ONLY_ACTIVE_ARCH = YES;
				SDKROOT = iphoneos;
				SWIFT_ACTIVE_COMPILATION_CONDITIONS = "DEBUG $(inherited)";
				SWIFT_OPTIMIZATION_LEVEL = "-Onone";
			};
			name = Debug;
		};
		5758139B2B5A89DC00DEA923 /* Release */ = {
			isa = XCBuildConfiguration;
			buildSettings = {
				ALWAYS_SEARCH_USER_PATHS = NO;
				ASSETCATALOG_COMPILER_GENERATE_SWIFT_ASSET_SYMBOL_EXTENSIONS = YES;
				CLANG_ANALYZER_NONNULL = YES;
				CLANG_ANALYZER_NUMBER_OBJECT_CONVERSION = YES_AGGRESSIVE;
				CLANG_CXX_LANGUAGE_STANDARD = "gnu++20";
				CLANG_ENABLE_MODULES = YES;
				CLANG_ENABLE_OBJC_ARC = YES;
				CLANG_ENABLE_OBJC_WEAK = YES;
				CLANG_WARN_BLOCK_CAPTURE_AUTORELEASING = YES;
				CLANG_WARN_BOOL_CONVERSION = YES;
				CLANG_WARN_COMMA = YES;
				CLANG_WARN_CONSTANT_CONVERSION = YES;
				CLANG_WARN_DEPRECATED_OBJC_IMPLEMENTATIONS = YES;
				CLANG_WARN_DIRECT_OBJC_ISA_USAGE = YES_ERROR;
				CLANG_WARN_DOCUMENTATION_COMMENTS = YES;
				CLANG_WARN_EMPTY_BODY = YES;
				CLANG_WARN_ENUM_CONVERSION = YES;
				CLANG_WARN_INFINITE_RECURSION = YES;
				CLANG_WARN_INT_CONVERSION = YES;
				CLANG_WARN_NON_LITERAL_NULL_CONVERSION = YES;
				CLANG_WARN_OBJC_IMPLICIT_RETAIN_SELF = YES;
				CLANG_WARN_OBJC_LITERAL_CONVERSION = YES;
				CLANG_WARN_OBJC_ROOT_CLASS = YES_ERROR;
				CLANG_WARN_QUOTED_INCLUDE_IN_FRAMEWORK_HEADER = YES;
				CLANG_WARN_RANGE_LOOP_ANALYSIS = YES;
				CLANG_WARN_STRICT_PROTOTYPES = YES;
				CLANG_WARN_SUSPICIOUS_MOVE = YES;
				CLANG_WARN_UNGUARDED_AVAILABILITY = YES_AGGRESSIVE;
				CLANG_WARN_UNREACHABLE_CODE = YES;
				CLANG_WARN__DUPLICATE_METHOD_MATCH = YES;
				COPY_PHASE_STRIP = NO;
				DEBUG_INFORMATION_FORMAT = "dwarf-with-dsym";
				ENABLE_NS_ASSERTIONS = NO;
				ENABLE_STRICT_OBJC_MSGSEND = YES;
				ENABLE_USER_SCRIPT_SANDBOXING = YES;
				GCC_C_LANGUAGE_STANDARD = gnu17;
				GCC_NO_COMMON_BLOCKS = YES;
				GCC_WARN_64_TO_32_BIT_CONVERSION = YES;
				GCC_WARN_ABOUT_RETURN_TYPE = YES_ERROR;
				GCC_WARN_UNDECLARED_SELECTOR = YES;
				GCC_WARN_UNINITIALIZED_AUTOS = YES_AGGRESSIVE;
				GCC_WARN_UNUSED_FUNCTION = YES;
				GCC_WARN_UNUSED_VARIABLE = YES;
				IPHONEOS_DEPLOYMENT_TARGET = 17.2;
				LOCALIZATION_PREFERS_STRING_CATALOGS = YES;
				MTL_ENABLE_DEBUG_INFO = NO;
				MTL_FAST_MATH = YES;
				SDKROOT = iphoneos;
				SWIFT_COMPILATION_MODE = wholemodule;
				VALIDATE_PRODUCT = YES;
			};
			name = Release;
		};
		5758139D2B5A89DC00DEA923 /* Debug */ = {
			isa = XCBuildConfiguration;
			buildSettings = {
				ASSETCATALOG_COMPILER_APPICON_NAME = AppIcon;
				ASSETCATALOG_COMPILER_GLOBAL_ACCENT_COLOR_NAME = AccentColor;
				CODE_SIGN_STYLE = Automatic;
				CURRENT_PROJECT_VERSION = 1;
				DEVELOPMENT_ASSET_PATHS = "\"WhereToPOC/Preview Content\"";
				DEVELOPMENT_TEAM = 2A4J7L4QYY;
				ENABLE_PREVIEWS = YES;
				GENERATE_INFOPLIST_FILE = YES;
				INFOPLIST_KEY_UIApplicationSceneManifest_Generation = YES;
				INFOPLIST_KEY_UIApplicationSupportsIndirectInputEvents = YES;
				INFOPLIST_KEY_UILaunchScreen_Generation = YES;
				INFOPLIST_KEY_UISupportedInterfaceOrientations_iPad = "UIInterfaceOrientationPortrait UIInterfaceOrientationPortraitUpsideDown UIInterfaceOrientationLandscapeLeft UIInterfaceOrientationLandscapeRight";
				INFOPLIST_KEY_UISupportedInterfaceOrientations_iPhone = "UIInterfaceOrientationPortrait UIInterfaceOrientationLandscapeLeft UIInterfaceOrientationLandscapeRight";
				LD_RUNPATH_SEARCH_PATHS = (
					"$(inherited)",
					"@executable_path/Frameworks",
				);
				MARKETING_VERSION = 1.0;
				PRODUCT_BUNDLE_IDENTIFIER = brunofrani.WhereToPOC;
				PRODUCT_NAME = "$(TARGET_NAME)";
				SWIFT_EMIT_LOC_STRINGS = YES;
				SWIFT_VERSION = 5.0;
				TARGETED_DEVICE_FAMILY = "1,2";
			};
			name = Debug;
		};
		5758139E2B5A89DC00DEA923 /* Release */ = {
			isa = XCBuildConfiguration;
			buildSettings = {
				ASSETCATALOG_COMPILER_APPICON_NAME = AppIcon;
				ASSETCATALOG_COMPILER_GLOBAL_ACCENT_COLOR_NAME = AccentColor;
				CODE_SIGN_STYLE = Automatic;
				CURRENT_PROJECT_VERSION = 1;
				DEVELOPMENT_ASSET_PATHS = "\"WhereToPOC/Preview Content\"";
				DEVELOPMENT_TEAM = 2A4J7L4QYY;
				ENABLE_PREVIEWS = YES;
				GENERATE_INFOPLIST_FILE = YES;
				INFOPLIST_KEY_UIApplicationSceneManifest_Generation = YES;
				INFOPLIST_KEY_UIApplicationSupportsIndirectInputEvents = YES;
				INFOPLIST_KEY_UILaunchScreen_Generation = YES;
				INFOPLIST_KEY_UISupportedInterfaceOrientations_iPad = "UIInterfaceOrientationPortrait UIInterfaceOrientationPortraitUpsideDown UIInterfaceOrientationLandscapeLeft UIInterfaceOrientationLandscapeRight";
				INFOPLIST_KEY_UISupportedInterfaceOrientations_iPhone = "UIInterfaceOrientationPortrait UIInterfaceOrientationLandscapeLeft UIInterfaceOrientationLandscapeRight";
				LD_RUNPATH_SEARCH_PATHS = (
					"$(inherited)",
					"@executable_path/Frameworks",
				);
				MARKETING_VERSION = 1.0;
				PRODUCT_BUNDLE_IDENTIFIER = brunofrani.WhereToPOC;
				PRODUCT_NAME = "$(TARGET_NAME)";
				SWIFT_EMIT_LOC_STRINGS = YES;
				SWIFT_VERSION = 5.0;
				TARGETED_DEVICE_FAMILY = "1,2";
			};
			name = Release;
		};
		575813A02B5A89DC00DEA923 /* Debug */ = {
			isa = XCBuildConfiguration;
			buildSettings = {
				ALWAYS_EMBED_SWIFT_STANDARD_LIBRARIES = YES;
				BUNDLE_LOADER = "$(TEST_HOST)";
				CODE_SIGN_STYLE = Automatic;
				CURRENT_PROJECT_VERSION = 1;
				DEVELOPMENT_TEAM = 2A4J7L4QYY;
				GENERATE_INFOPLIST_FILE = YES;
				IPHONEOS_DEPLOYMENT_TARGET = 17.2;
				MARKETING_VERSION = 1.0;
				PRODUCT_BUNDLE_IDENTIFIER = brunofrani.WhereToPOCTests;
				PRODUCT_NAME = "$(TARGET_NAME)";
				SWIFT_EMIT_LOC_STRINGS = NO;
				SWIFT_VERSION = 5.0;
				TARGETED_DEVICE_FAMILY = "1,2";
				TEST_HOST = "$(BUILT_PRODUCTS_DIR)/WhereToPOC.app/$(BUNDLE_EXECUTABLE_FOLDER_PATH)/WhereToPOC";
			};
			name = Debug;
		};
		575813A12B5A89DC00DEA923 /* Release */ = {
			isa = XCBuildConfiguration;
			buildSettings = {
				ALWAYS_EMBED_SWIFT_STANDARD_LIBRARIES = YES;
				BUNDLE_LOADER = "$(TEST_HOST)";
				CODE_SIGN_STYLE = Automatic;
				CURRENT_PROJECT_VERSION = 1;
				DEVELOPMENT_TEAM = 2A4J7L4QYY;
				GENERATE_INFOPLIST_FILE = YES;
				IPHONEOS_DEPLOYMENT_TARGET = 17.2;
				MARKETING_VERSION = 1.0;
				PRODUCT_BUNDLE_IDENTIFIER = brunofrani.WhereToPOCTests;
				PRODUCT_NAME = "$(TARGET_NAME)";
				SWIFT_EMIT_LOC_STRINGS = NO;
				SWIFT_VERSION = 5.0;
				TARGETED_DEVICE_FAMILY = "1,2";
				TEST_HOST = "$(BUILT_PRODUCTS_DIR)/WhereToPOC.app/$(BUNDLE_EXECUTABLE_FOLDER_PATH)/WhereToPOC";
			};
			name = Release;
		};
		575813A32B5A89DC00DEA923 /* Debug */ = {
			isa = XCBuildConfiguration;
			buildSettings = {
				ALWAYS_EMBED_SWIFT_STANDARD_LIBRARIES = YES;
				CODE_SIGN_STYLE = Automatic;
				CURRENT_PROJECT_VERSION = 1;
				DEVELOPMENT_TEAM = 2A4J7L4QYY;
				GENERATE_INFOPLIST_FILE = YES;
				MARKETING_VERSION = 1.0;
				PRODUCT_BUNDLE_IDENTIFIER = brunofrani.WhereToPOCUITests;
				PRODUCT_NAME = "$(TARGET_NAME)";
				SWIFT_EMIT_LOC_STRINGS = NO;
				SWIFT_VERSION = 5.0;
				TARGETED_DEVICE_FAMILY = "1,2";
				TEST_TARGET_NAME = WhereToPOC;
			};
			name = Debug;
		};
		575813A42B5A89DC00DEA923 /* Release */ = {
			isa = XCBuildConfiguration;
			buildSettings = {
				ALWAYS_EMBED_SWIFT_STANDARD_LIBRARIES = YES;
				CODE_SIGN_STYLE = Automatic;
				CURRENT_PROJECT_VERSION = 1;
				DEVELOPMENT_TEAM = 2A4J7L4QYY;
				GENERATE_INFOPLIST_FILE = YES;
				MARKETING_VERSION = 1.0;
				PRODUCT_BUNDLE_IDENTIFIER = brunofrani.WhereToPOCUITests;
				PRODUCT_NAME = "$(TARGET_NAME)";
				SWIFT_EMIT_LOC_STRINGS = NO;
				SWIFT_VERSION = 5.0;
				TARGETED_DEVICE_FAMILY = "1,2";
				TEST_TARGET_NAME = WhereToPOC;
			};
			name = Release;
		};
/* End XCBuildConfiguration section */

/* Begin XCConfigurationList section */
		575813732B5A89D900DEA923 /* Build configuration list for PBXProject "WhereToPOC" */ = {
			isa = XCConfigurationList;
			buildConfigurations = (
				5758139A2B5A89DC00DEA923 /* Debug */,
				5758139B2B5A89DC00DEA923 /* Release */,
			);
			defaultConfigurationIsVisible = 0;
			defaultConfigurationName = Release;
		};
		5758139C2B5A89DC00DEA923 /* Build configuration list for PBXNativeTarget "WhereToPOC" */ = {
			isa = XCConfigurationList;
			buildConfigurations = (
				5758139D2B5A89DC00DEA923 /* Debug */,
				5758139E2B5A89DC00DEA923 /* Release */,
			);
			defaultConfigurationIsVisible = 0;
			defaultConfigurationName = Release;
		};
		5758139F2B5A89DC00DEA923 /* Build configuration list for PBXNativeTarget "WhereToPOCTests" */ = {
			isa = XCConfigurationList;
			buildConfigurations = (
				575813A02B5A89DC00DEA923 /* Debug */,
				575813A12B5A89DC00DEA923 /* Release */,
			);
			defaultConfigurationIsVisible = 0;
			defaultConfigurationName = Release;
		};
		575813A22B5A89DC00DEA923 /* Build configuration list for PBXNativeTarget "WhereToPOCUITests" */ = {
			isa = XCConfigurationList;
			buildConfigurations = (
				575813A32B5A89DC00DEA923 /* Debug */,
				575813A42B5A89DC00DEA923 /* Release */,
			);
			defaultConfigurationIsVisible = 0;
			defaultConfigurationName = Release;
		};
/* End XCConfigurationList section */
	};
	rootObject = 575813702B5A89D900DEA923 /* Project object */;
}
